
Microsoft Visual Studio Solution File, Format Version 12.00
# Visual Studio Version 16
VisualStudioVersion = 16.0.32002.261
MinimumVisualStudioVersion = 10.0.40219.1
Project("{9A19103F-16F7-4668-BE54-9A1E7A4F7556}") = "RegCore", "RegCore\RegCore.csproj", "{696D169F-ED8D-42C1-B028-4DE7ADECB8F0}"
EndProject
Global
	GlobalSection(SolutionConfigurationPlatforms) = preSolution
		Debug|Any CPU = Debug|Any CPU
		Release|Any CPU = Release|Any CPU
	EndGlobalSection
	GlobalSection(ProjectConfigurationPlatforms) = postSolution
		{696D169F-ED8D-42C1-B028-4DE7ADECB8F0}.Debug|Any CPU.ActiveCfg = Debug|Any CPU
		{696D169F-ED8D-42C1-B028-4DE7ADECB8F0}.Debug|Any CPU.Build.0 = Debug|Any CPU
		{696D169F-ED8D-42C1-B028-4DE7ADECB8F0}.Release|Any CPU.ActiveCfg = Release|Any CPU
		{696D169F-ED8D-42C1-B028-4DE7ADECB8F0}.Release|Any CPU.Build.0 = Release|Any CPU
	EndGlobalSection
	GlobalSection(SolutionProperties) = preSolution
		HideSolutionNode = FALSE
	EndGlobalSection
	GlobalSection(ExtensibilityGlobals) = postSolution
		SolutionGuid = {4ED132E0-9EE8-4F20-9F4E-3602F642AF39}
	EndGlobalSection
EndGlobal
